// !$*UTF8*$!
{
	archiveVersion = 1;
	classes = {
	};
	objectVersion = 46;
	objects = {

/* Begin PBXBuildFile section */
		78BA73991BEB52AB0059584D /* main.m in Sources */ = {isa = PBXBuildFile; fileRef = 78BA73981BEB52AB0059584D /* main.m */; };
		78BA739C1BEB52AB0059584D /* AppDelegate.m in Sources */ = {isa = PBXBuildFile; fileRef = 78BA739B1BEB52AB0059584D /* AppDelegate.m */; };
		78BA739F1BEB52AB0059584D /* ViewController.m in Sources */ = {isa = PBXBuildFile; fileRef = 78BA739E1BEB52AB0059584D /* ViewController.m */; };
		78BA73A21BEB52AB0059584D /* Main.storyboard in Resources */ = {isa = PBXBuildFile; fileRef = 78BA73A01BEB52AB0059584D /* Main.storyboard */; };
		78BA73A51BEB52AB0059584D /* RainyWords.xcdatamodeld in Sources */ = {isa = PBXBuildFile; fileRef = 78BA73A31BEB52AB0059584D /* RainyWords.xcdatamodeld */; };
		78BA73A71BEB52AB0059584D /* Assets.xcassets in Resources */ = {isa = PBXBuildFile; fileRef = 78BA73A61BEB52AB0059584D /* Assets.xcassets */; };
		78BA73AA1BEB52AB0059584D /* LaunchScreen.storyboard in Resources */ = {isa = PBXBuildFile; fileRef = 78BA73A81BEB52AB0059584D /* LaunchScreen.storyboard */; };
		78BA73B51BEB52AB0059584D /* RainyWordsTests.m in Sources */ = {isa = PBXBuildFile; fileRef = 78BA73B41BEB52AB0059584D /* RainyWordsTests.m */; };
		78BA73C01BEB52AB0059584D /* RainyWordsUITests.m in Sources */ = {isa = PBXBuildFile; fileRef = 78BA73BF1BEB52AB0059584D /* RainyWordsUITests.m */; };
		78BA73D11BEF24860059584D /* ModeViewController.m in Sources */ = {isa = PBXBuildFile; fileRef = 78BA73D01BEF24860059584D /* ModeViewController.m */; };
		78BA73D41BEF2E220059584D /* ClientListViewController.m in Sources */ = {isa = PBXBuildFile; fileRef = 78BA73D31BEF2E220059584D /* ClientListViewController.m */; };
		D9BC082C1BF0CD7100251DDD /* ConnectionsViewController.m in Sources */ = {isa = PBXBuildFile; fileRef = D9BC082B1BF0CD7100251DDD /* ConnectionsViewController.m */; };
		D9BC082F1BF0D32000251DDD /* RainyManager.m in Sources */ = {isa = PBXBuildFile; fileRef = D9BC082E1BF0D32000251DDD /* RainyManager.m */; };
/* End PBXBuildFile section */

/* Begin PBXContainerItemProxy section */
		78BA73B11BEB52AB0059584D /* PBXContainerItemProxy */ = {
			isa = PBXContainerItemProxy;
			containerPortal = 78BA738C1BEB52AB0059584D /* Project object */;
			proxyType = 1;
			remoteGlobalIDString = 78BA73931BEB52AB0059584D;
			remoteInfo = RainyWords;
		};
		78BA73BC1BEB52AB0059584D /* PBXContainerItemProxy */ = {
			isa = PBXContainerItemProxy;
			containerPortal = 78BA738C1BEB52AB0059584D /* Project object */;
			proxyType = 1;
			remoteGlobalIDString = 78BA73931BEB52AB0059584D;
			remoteInfo = RainyWords;
		};
/* End PBXContainerItemProxy section */

/* Begin PBXFileReference section */
		78BA73941BEB52AB0059584D /* RainyWords.app */ = {isa = PBXFileReference; explicitFileType = wrapper.application; includeInIndex = 0; path = RainyWords.app; sourceTree = BUILT_PRODUCTS_DIR; };
		78BA73981BEB52AB0059584D /* main.m */ = {isa = PBXFileReference; lastKnownFileType = sourcecode.c.objc; path = main.m; sourceTree = "<group>"; };
		78BA739A1BEB52AB0059584D /* AppDelegate.h */ = {isa = PBXFileReference; lastKnownFileType = sourcecode.c.h; path = AppDelegate.h; sourceTree = "<group>"; };
		78BA739B1BEB52AB0059584D /* AppDelegate.m */ = {isa = PBXFileReference; lastKnownFileType = sourcecode.c.objc; path = AppDelegate.m; sourceTree = "<group>"; };
		78BA739D1BEB52AB0059584D /* ViewController.h */ = {isa = PBXFileReference; lastKnownFileType = sourcecode.c.h; path = ViewController.h; sourceTree = "<group>"; };
		78BA739E1BEB52AB0059584D /* ViewController.m */ = {isa = PBXFileReference; lastKnownFileType = sourcecode.c.objc; path = ViewController.m; sourceTree = "<group>"; };
		78BA73A11BEB52AB0059584D /* Base */ = {isa = PBXFileReference; lastKnownFileType = file.storyboard; name = Base; path = Base.lproj/Main.storyboard; sourceTree = "<group>"; };
		78BA73A41BEB52AB0059584D /* RainyWords.xcdatamodel */ = {isa = PBXFileReference; lastKnownFileType = wrapper.xcdatamodel; path = RainyWords.xcdatamodel; sourceTree = "<group>"; };
		78BA73A61BEB52AB0059584D /* Assets.xcassets */ = {isa = PBXFileReference; lastKnownFileType = folder.assetcatalog; path = Assets.xcassets; sourceTree = "<group>"; };
		78BA73A91BEB52AB0059584D /* Base */ = {isa = PBXFileReference; lastKnownFileType = file.storyboard; name = Base; path = Base.lproj/LaunchScreen.storyboard; sourceTree = "<group>"; };
		78BA73AB1BEB52AB0059584D /* Info.plist */ = {isa = PBXFileReference; lastKnownFileType = text.plist.xml; path = Info.plist; sourceTree = "<group>"; };
		78BA73B01BEB52AB0059584D /* RainyWordsTests.xctest */ = {isa = PBXFileReference; explicitFileType = wrapper.cfbundle; includeInIndex = 0; path = RainyWordsTests.xctest; sourceTree = BUILT_PRODUCTS_DIR; };
		78BA73B41BEB52AB0059584D /* RainyWordsTests.m */ = {isa = PBXFileReference; lastKnownFileType = sourcecode.c.objc; path = RainyWordsTests.m; sourceTree = "<group>"; };
		78BA73B61BEB52AB0059584D /* Info.plist */ = {isa = PBXFileReference; lastKnownFileType = text.plist.xml; path = Info.plist; sourceTree = "<group>"; };
		78BA73BB1BEB52AB0059584D /* RainyWordsUITests.xctest */ = {isa = PBXFileReference; explicitFileType = wrapper.cfbundle; includeInIndex = 0; path = RainyWordsUITests.xctest; sourceTree = BUILT_PRODUCTS_DIR; };
		78BA73BF1BEB52AB0059584D /* RainyWordsUITests.m */ = {isa = PBXFileReference; lastKnownFileType = sourcecode.c.objc; path = RainyWordsUITests.m; sourceTree = "<group>"; };
		78BA73C11BEB52AB0059584D /* Info.plist */ = {isa = PBXFileReference; lastKnownFileType = text.plist.xml; path = Info.plist; sourceTree = "<group>"; };
		78BA73CF1BEF24860059584D /* ModeViewController.h */ = {isa = PBXFileReference; fileEncoding = 4; lastKnownFileType = sourcecode.c.h; path = ModeViewController.h; sourceTree = "<group>"; };
		78BA73D01BEF24860059584D /* ModeViewController.m */ = {isa = PBXFileReference; fileEncoding = 4; lastKnownFileType = sourcecode.c.objc; path = ModeViewController.m; sourceTree = "<group>"; };
		78BA73D21BEF2E220059584D /* ClientListViewController.h */ = {isa = PBXFileReference; fileEncoding = 4; lastKnownFileType = sourcecode.c.h; path = ClientListViewController.h; sourceTree = "<group>"; };
		78BA73D31BEF2E220059584D /* ClientListViewController.m */ = {isa = PBXFileReference; fileEncoding = 4; lastKnownFileType = sourcecode.c.objc; path = ClientListViewController.m; sourceTree = "<group>"; };
/* End PBXFileReference section */

/* Begin PBXFrameworksBuildPhase section */
		78BA73911BEB52AB0059584D /* Frameworks */ = {
			isa = PBXFrameworksBuildPhase;
			buildActionMask = 2147483647;
			files = (
			);
			runOnlyForDeploymentPostprocessing = 0;
		};
		78BA73AD1BEB52AB0059584D /* Frameworks */ = {
			isa = PBXFrameworksBuildPhase;
			buildActionMask = 2147483647;
			files = (
			);
			runOnlyForDeploymentPostprocessing = 0;
		};
		78BA73B81BEB52AB0059584D /* Frameworks */ = {
			isa = PBXFrameworksBuildPhase;
			buildActionMask = 2147483647;
			files = (
			);
			runOnlyForDeploymentPostprocessing = 0;
		};
/* End PBXFrameworksBuildPhase section */

/* Begin PBXGroup section */
		78BA738B1BEB52AB0059584D = {
			isa = PBXGroup;
			children = (
				78BA73961BEB52AB0059584D /* RainyWords */,
				78BA73B31BEB52AB0059584D /* RainyWordsTests */,
				78BA73BE1BEB52AB0059584D /* RainyWordsUITests */,
				78BA73951BEB52AB0059584D /* Products */,
			);
			sourceTree = "<group>";
		};
		78BA73951BEB52AB0059584D /* Products */ = {
			isa = PBXGroup;
			children = (
				78BA73941BEB52AB0059584D /* RainyWords.app */,
				78BA73B01BEB52AB0059584D /* RainyWordsTests.xctest */,
				78BA73BB1BEB52AB0059584D /* RainyWordsUITests.xctest */,
			);
			name = Products;
			sourceTree = "<group>";
		};
		78BA73961BEB52AB0059584D /* RainyWords */ = {
			isa = PBXGroup;
			children = (
				78BA739A1BEB52AB0059584D /* AppDelegate.h */,
				78BA739B1BEB52AB0059584D /* AppDelegate.m */,
				78BA739D1BEB52AB0059584D /* ViewController.h */,
				78BA739E1BEB52AB0059584D /* ViewController.m */,
				78BA73CF1BEF24860059584D /* ModeViewController.h */,
				78BA73D01BEF24860059584D /* ModeViewController.m */,
				78BA73D21BEF2E220059584D /* ClientListViewController.h */,
				78BA73D31BEF2E220059584D /* ClientListViewController.m */,
				D9BC082A1BF0CD7100251DDD /* ConnectionsViewController.h */,
				D9BC082B1BF0CD7100251DDD /* ConnectionsViewController.m */,
				D9BC082D1BF0D32000251DDD /* RainyManager.h */,
				D9BC082E1BF0D32000251DDD /* RainyManager.m */,
				78BA73A01BEB52AB0059584D /* Main.storyboard */,
				78BA73A61BEB52AB0059584D /* Assets.xcassets */,
				78BA73A81BEB52AB0059584D /* LaunchScreen.storyboard */,
				78BA73AB1BEB52AB0059584D /* Info.plist */,
				78BA73A31BEB52AB0059584D /* RainyWords.xcdatamodeld */,
				78BA73971BEB52AB0059584D /* Supporting Files */,
			);
			path = RainyWords;
			sourceTree = "<group>";
		};
		78BA73971BEB52AB0059584D /* Supporting Files */ = {
			isa = PBXGroup;
			children = (
				78BA73981BEB52AB0059584D /* main.m */,
			);
			name = "Supporting Files";
			sourceTree = "<group>";
		};
		78BA73B31BEB52AB0059584D /* RainyWordsTests */ = {
			isa = PBXGroup;
			children = (
				78BA73B41BEB52AB0059584D /* RainyWordsTests.m */,
				78BA73B61BEB52AB0059584D /* Info.plist */,
			);
			path = RainyWordsTests;
			sourceTree = "<group>";
		};
		78BA73BE1BEB52AB0059584D /* RainyWordsUITests */ = {
			isa = PBXGroup;
			children = (
				78BA73BF1BEB52AB0059584D /* RainyWordsUITests.m */,
				78BA73C11BEB52AB0059584D /* Info.plist */,
			);
			path = RainyWordsUITests;
			sourceTree = "<group>";
		};
/* End PBXGroup section */

/* Begin PBXNativeTarget section */
		78BA73931BEB52AB0059584D /* RainyWords */ = {
			isa = PBXNativeTarget;
			buildConfigurationList = 78BA73C41BEB52AB0059584D /* Build configuration list for PBXNativeTarget "RainyWords" */;
			buildPhases = (
				78BA73901BEB52AB0059584D /* Sources */,
				78BA73911BEB52AB0059584D /* Frameworks */,
				78BA73921BEB52AB0059584D /* Resources */,
			);
			buildRules = (
			);
			dependencies = (
			);
			name = RainyWords;
			productName = RainyWords;
			productReference = 78BA73941BEB52AB0059584D /* RainyWords.app */;
			productType = "com.apple.product-type.application";
		};
		78BA73AF1BEB52AB0059584D /* RainyWordsTests */ = {
			isa = PBXNativeTarget;
			buildConfigurationList = 78BA73C71BEB52AB0059584D /* Build configuration list for PBXNativeTarget "RainyWordsTests" */;
			buildPhases = (
				78BA73AC1BEB52AB0059584D /* Sources */,
				78BA73AD1BEB52AB0059584D /* Frameworks */,
				78BA73AE1BEB52AB0059584D /* Resources */,
			);
			buildRules = (
			);
			dependencies = (
				78BA73B21BEB52AB0059584D /* PBXTargetDependency */,
			);
			name = RainyWordsTests;
			productName = RainyWordsTests;
			productReference = 78BA73B01BEB52AB0059584D /* RainyWordsTests.xctest */;
			productType = "com.apple.product-type.bundle.unit-test";
		};
		78BA73BA1BEB52AB0059584D /* RainyWordsUITests */ = {
			isa = PBXNativeTarget;
			buildConfigurationList = 78BA73CA1BEB52AB0059584D /* Build configuration list for PBXNativeTarget "RainyWordsUITests" */;
			buildPhases = (
				78BA73B71BEB52AB0059584D /* Sources */,
				78BA73B81BEB52AB0059584D /* Frameworks */,
				78BA73B91BEB52AB0059584D /* Resources */,
			);
			buildRules = (
			);
			dependencies = (
				78BA73BD1BEB52AB0059584D /* PBXTargetDependency */,
			);
			name = RainyWordsUITests;
			productName = RainyWordsUITests;
			productReference = 78BA73BB1BEB52AB0059584D /* RainyWordsUITests.xctest */;
			productType = "com.apple.product-type.bundle.ui-testing";
		};
/* End PBXNativeTarget section */

/* Begin PBXProject section */
		78BA738C1BEB52AB0059584D /* Project object */ = {
			isa = PBXProject;
			attributes = {
				LastUpgradeCheck = 0710;
				ORGANIZATIONNAME = Indyzalab;
				TargetAttributes = {
					78BA73931BEB52AB0059584D = {
						CreatedOnToolsVersion = 7.1;
						DevelopmentTeam = 5VSYW3XV2E;
					};
					78BA73AF1BEB52AB0059584D = {
						CreatedOnToolsVersion = 7.1;
						TestTargetID = 78BA73931BEB52AB0059584D;
					};
					78BA73BA1BEB52AB0059584D = {
						CreatedOnToolsVersion = 7.1;
						TestTargetID = 78BA73931BEB52AB0059584D;
					};
				};
			};
			buildConfigurationList = 78BA738F1BEB52AB0059584D /* Build configuration list for PBXProject "RainyWords" */;
			compatibilityVersion = "Xcode 3.2";
			developmentRegion = English;
			hasScannedForEncodings = 0;
			knownRegions = (
				en,
				Base,
			);
			mainGroup = 78BA738B1BEB52AB0059584D;
			productRefGroup = 78BA73951BEB52AB0059584D /* Products */;
			projectDirPath = "";
			projectRoot = "";
			targets = (
				78BA73931BEB52AB0059584D /* RainyWords */,
				78BA73AF1BEB52AB0059584D /* RainyWordsTests */,
				78BA73BA1BEB52AB0059584D /* RainyWordsUITests */,
			);
		};
/* End PBXProject section */

/* Begin PBXResourcesBuildPhase section */
		78BA73921BEB52AB0059584D /* Resources */ = {
			isa = PBXResourcesBuildPhase;
			buildActionMask = 2147483647;
			files = (
				78BA73AA1BEB52AB0059584D /* LaunchScreen.storyboard in Resources */,
				78BA73A71BEB52AB0059584D /* Assets.xcassets in Resources */,
				78BA73A21BEB52AB0059584D /* Main.storyboard in Resources */,
			);
			runOnlyForDeploymentPostprocessing = 0;
		};
		78BA73AE1BEB52AB0059584D /* Resources */ = {
			isa = PBXResourcesBuildPhase;
			buildActionMask = 2147483647;
			files = (
			);
			runOnlyForDeploymentPostprocessing = 0;
		};
		78BA73B91BEB52AB0059584D /* Resources */ = {
			isa = PBXResourcesBuildPhase;
			buildActionMask = 2147483647;
			files = (
			);
			runOnlyForDeploymentPostprocessing = 0;
		};
/* End PBXResourcesBuildPhase section */

/* Begin PBXSourcesBuildPhase section */
		78BA73901BEB52AB0059584D /* Sources */ = {
			isa = PBXSourcesBuildPhase;
			buildActionMask = 2147483647;
			files = (
				78BA73D11BEF24860059584D /* ModeViewController.m in Sources */,
				78BA739F1BEB52AB0059584D /* ViewController.m in Sources */,
				78BA73A51BEB52AB0059584D /* RainyWords.xcdatamodeld in Sources */,
				D9BC082C1BF0CD7100251DDD /* ConnectionsViewController.m in Sources */,
				78BA739C1BEB52AB0059584D /* AppDelegate.m in Sources */,
				78BA73991BEB52AB0059584D /* main.m in Sources */,
				78BA73D41BEF2E220059584D /* ClientListViewController.m in Sources */,
				D9BC082F1BF0D32000251DDD /* RainyManager.m in Sources */,
			);
			runOnlyForDeploymentPostprocessing = 0;
		};
		78BA73AC1BEB52AB0059584D /* Sources */ = {
			isa = PBXSourcesBuildPhase;
			buildActionMask = 2147483647;
			files = (
				78BA73B51BEB52AB0059584D /* RainyWordsTests.m in Sources */,
			);
			runOnlyForDeploymentPostprocessing = 0;
		};
		78BA73B71BEB52AB0059584D /* Sources */ = {
			isa = PBXSourcesBuildPhase;
			buildActionMask = 2147483647;
			files = (
				78BA73C01BEB52AB0059584D /* RainyWordsUITests.m in Sources */,
			);
			runOnlyForDeploymentPostprocessing = 0;
		};
/* End PBXSourcesBuildPhase section */

/* Begin PBXTargetDependency section */
		78BA73B21BEB52AB0059584D /* PBXTargetDependency */ = {
			isa = PBXTargetDependency;
			target = 78BA73931BEB52AB0059584D /* RainyWords */;
			targetProxy = 78BA73B11BEB52AB0059584D /* PBXContainerItemProxy */;
		};
		78BA73BD1BEB52AB0059584D /* PBXTargetDependency */ = {
			isa = PBXTargetDependency;
			target = 78BA73931BEB52AB0059584D /* RainyWords */;
			targetProxy = 78BA73BC1BEB52AB0059584D /* PBXContainerItemProxy */;
		};
/* End PBXTargetDependency section */

/* Begin PBXVariantGroup section */
		78BA73A01BEB52AB0059584D /* Main.storyboard */ = {
			isa = PBXVariantGroup;
			children = (
				78BA73A11BEB52AB0059584D /* Base */,
			);
			name = Main.storyboard;
			sourceTree = "<group>";
		};
		78BA73A81BEB52AB0059584D /* LaunchScreen.storyboard */ = {
			isa = PBXVariantGroup;
			children = (
				78BA73A91BEB52AB0059584D /* Base */,
			);
			name = LaunchScreen.storyboard;
			sourceTree = "<group>";
		};
/* End PBXVariantGroup section */

/* Begin XCBuildConfiguration section */
		78BA73C21BEB52AB0059584D /* Debug */ = {
			isa = XCBuildConfiguration;
			buildSettings = {
				ALWAYS_SEARCH_USER_PATHS = NO;
				CLANG_CXX_LANGUAGE_STANDARD = "gnu++0x";
				CLANG_CXX_LIBRARY = "libc++";
				CLANG_ENABLE_MODULES = YES;
				CLANG_ENABLE_OBJC_ARC = YES;
				CLANG_WARN_BOOL_CONVERSION = YES;
				CLANG_WARN_CONSTANT_CONVERSION = YES;
				CLANG_WARN_DIRECT_OBJC_ISA_USAGE = YES_ERROR;
				CLANG_WARN_EMPTY_BODY = YES;
				CLANG_WARN_ENUM_CONVERSION = YES;
				CLANG_WARN_INT_CONVERSION = YES;
				CLANG_WARN_OBJC_ROOT_CLASS = YES_ERROR;
				CLANG_WARN_UNREACHABLE_CODE = YES;
				CLANG_WARN__DUPLICATE_METHOD_MATCH = YES;
				"CODE_SIGN_IDENTITY[sdk=iphoneos*]" = "iPhone Developer";
				COPY_PHASE_STRIP = NO;
				DEBUG_INFORMATION_FORMAT = dwarf;
				ENABLE_STRICT_OBJC_MSGSEND = YES;
				ENABLE_TESTABILITY = YES;
				GCC_C_LANGUAGE_STANDARD = gnu99;
				GCC_DYNAMIC_NO_PIC = NO;
				GCC_NO_COMMON_BLOCKS = YES;
				GCC_OPTIMIZATION_LEVEL = 0;
				GCC_PREPROCESSOR_DEFINITIONS = (
					"DEBUG=1",
					"$(inherited)",
				);
				GCC_WARN_64_TO_32_BIT_CONVERSION = YES;
				GCC_WARN_ABOUT_RETURN_TYPE = YES_ERROR;
				GCC_WARN_UNDECLARED_SELECTOR = YES;
				GCC_WARN_UNINITIALIZED_AUTOS = YES_AGGRESSIVE;
				GCC_WARN_UNUSED_FUNCTION = YES;
				GCC_WARN_UNUSED_VARIABLE = YES;
				IPHONEOS_DEPLOYMENT_TARGET = 9.1;
				MTL_ENABLE_DEBUG_INFO = YES;
				ONLY_ACTIVE_ARCH = YES;
				SDKROOT = iphoneos;
			};
			name = Debug;
		};
		78BA73C31BEB52AB0059584D /* Release */ = {
			isa = XCBuildConfiguration;
			buildSettings = {
				ALWAYS_SEARCH_USER_PATHS = NO;
				CLANG_CXX_LANGUAGE_STANDARD = "gnu++0x";
				CLANG_CXX_LIBRARY = "libc++";
				CLANG_ENABLE_MODULES = YES;
				CLANG_ENABLE_OBJC_ARC = YES;
				CLANG_WARN_BOOL_CONVERSION = YES;
				CLANG_WARN_CONSTANT_CONVERSION = YES;
				CLANG_WARN_DIRECT_OBJC_ISA_USAGE = YES_ERROR;
				CLANG_WARN_EMPTY_BODY = YES;
				CLANG_WARN_ENUM_CONVERSION = YES;
				CLANG_WARN_INT_CONVERSION = YES;
				CLANG_WARN_OBJC_ROOT_CLASS = YES_ERROR;
				CLANG_WARN_UNREACHABLE_CODE = YES;
				CLANG_WARN__DUPLICATE_METHOD_MATCH = YES;
				"CODE_SIGN_IDENTITY[sdk=iphoneos*]" = "iPhone Developer";
				COPY_PHASE_STRIP = NO;
				DEBUG_INFORMATION_FORMAT = "dwarf-with-dsym";
				ENABLE_NS_ASSERTIONS = NO;
				ENABLE_STRICT_OBJC_MSGSEND = YES;
				GCC_C_LANGUAGE_STANDARD = gnu99;
				GCC_NO_COMMON_BLOCKS = YES;
				GCC_WARN_64_TO_32_BIT_CONVERSION = YES;
				GCC_WARN_ABOUT_RETURN_TYPE = YES_ERROR;
				GCC_WARN_UNDECLARED_SELECTOR = YES;
				GCC_WARN_UNINITIALIZED_AUTOS = YES_AGGRESSIVE;
				GCC_WARN_UNUSED_FUNCTION = YES;
				GCC_WARN_UNUSED_VARIABLE = YES;
				IPHONEOS_DEPLOYMENT_TARGET = 9.1;
				MTL_ENABLE_DEBUG_INFO = NO;
				SDKROOT = iphoneos;
				VALIDATE_PRODUCT = YES;
			};
			name = Release;
		};
		78BA73C51BEB52AB0059584D /* Debug */ = {
			isa = XCBuildConfiguration;
			buildSettings = {
				ASSETCATALOG_COMPILER_APPICON_NAME = AppIcon;
				CODE_SIGN_IDENTITY = "iPhone Developer";
				"CODE_SIGN_IDENTITY[sdk=iphoneos*]" = "iPhone Developer";
				INFOPLIST_FILE = RainyWords/Info.plist;
				IPHONEOS_DEPLOYMENT_TARGET = 8.0;
				LD_RUNPATH_SEARCH_PATHS = "$(inherited) @executable_path/Frameworks";
				PRODUCT_BUNDLE_IDENTIFIER = com.Indyzalab.RainyWords;
				PRODUCT_NAME = "$(TARGET_NAME)";
				PROVISIONING_PROFILE = "";
			};
			name = Debug;
		};
		78BA73C61BEB52AB0059584D /* Release */ = {
			isa = XCBuildConfiguration;
			buildSettings = {
				ASSETCATALOG_COMPILER_APPICON_NAME = AppIcon;
				CODE_SIGN_IDENTITY = "iPhone Developer";
				"CODE_SIGN_IDENTITY[sdk=iphoneos*]" = "iPhone Developer";
				INFOPLIST_FILE = RainyWords/Info.plist;
				IPHONEOS_DEPLOYMENT_TARGET = 8.0;
				LD_RUNPATH_SEARCH_PATHS = "$(inherited) @executable_path/Frameworks";
				PRODUCT_BUNDLE_IDENTIFIER = com.Indyzalab.RainyWords;
				PRODUCT_NAME = "$(TARGET_NAME)";
				PROVISIONING_PROFILE = "";
			};
			name = Release;
		};
		78BA73C81BEB52AB0059584D /* Debug */ = {
			isa = XCBuildConfiguration;
			buildSettings = {
				BUNDLE_LOADER = "$(TEST_HOST)";
				INFOPLIST_FILE = RainyWordsTests/Info.plist;
				LD_RUNPATH_SEARCH_PATHS = "$(inherited) @executable_path/Frameworks @loader_path/Frameworks";
				PRODUCT_BUNDLE_IDENTIFIER = com.Indyzalab.RainyWordsTests;
				PRODUCT_NAME = "$(TARGET_NAME)";
				TEST_HOST = "$(BUILT_PRODUCTS_DIR)/RainyWords.app/RainyWords";
			};
			name = Debug;
		};
		78BA73C91BEB52AB0059584D /* Release */ = {
			isa = XCBuildConfiguration;
			buildSettings = {
				BUNDLE_LOADER = "$(TEST_HOST)";
				INFOPLIST_FILE = RainyWordsTests/Info.plist;
				LD_RUNPATH_SEARCH_PATHS = "$(inherited) @executable_path/Frameworks @loader_path/Frameworks";
				PRODUCT_BUNDLE_IDENTIFIER = com.Indyzalab.RainyWordsTests;
				PRODUCT_NAME = "$(TARGET_NAME)";
				TEST_HOST = "$(BUILT_PRODUCTS_DIR)/RainyWords.app/RainyWords";
			};
			name = Release;
		};
		78BA73CB1BEB52AB0059584D /* Debug */ = {
			isa = XCBuildConfiguration;
			buildSettings = {
				INFOPLIST_FILE = RainyWordsUITests/Info.plist;
				LD_RUNPATH_SEARCH_PATHS = "$(inherited) @executable_path/Frameworks @loader_path/Frameworks";
				PRODUCT_BUNDLE_IDENTIFIER = com.Indyzalab.RainyWordsUITests;
				PRODUCT_NAME = "$(TARGET_NAME)";
				TEST_TARGET_NAME = RainyWords;
				USES_XCTRUNNER = YES;
			};
			name = Debug;
		};
		78BA73CC1BEB52AB0059584D /* Release */ = {
			isa = XCBuildConfiguration;
			buildSettings = {
				INFOPLIST_FILE = RainyWordsUITests/Info.plist;
				LD_RUNPATH_SEARCH_PATHS = "$(inherited) @executable_path/Frameworks @loader_path/Frameworks";
				PRODUCT_BUNDLE_IDENTIFIER = com.Indyzalab.RainyWordsUITests;
				PRODUCT_NAME = "$(TARGET_NAME)";
				TEST_TARGET_NAME = RainyWords;
				USES_XCTRUNNER = YES;
			};
			name = Release;
		};
/* End XCBuildConfiguration section */

/* Begin XCConfigurationList section */
		78BA738F1BEB52AB0059584D /* Build configuration list for PBXProject "RainyWords" */ = {
			isa = XCConfigurationList;
			buildConfigurations = (
				78BA73C21BEB52AB0059584D /* Debug */,
				78BA73C31BEB52AB0059584D /* Release */,
			);
			defaultConfigurationIsVisible = 0;
			defaultConfigurationName = Release;
		};
		78BA73C41BEB52AB0059584D /* Build configuration list for PBXNativeTarget "RainyWords" */ = {
			isa = XCConfigurationList;
			buildConfigurations = (
				78BA73C51BEB52AB0059584D /* Debug */,
				78BA73C61BEB52AB0059584D /* Release */,
			);
			defaultConfigurationIsVisible = 0;
			defaultConfigurationName = Release;
		};
		78BA73C71BEB52AB0059584D /* Build configuration list for PBXNativeTarget "RainyWordsTests" */ = {
			isa = XCConfigurationList;
			buildConfigurations = (
				78BA73C81BEB52AB0059584D /* Debug */,
				78BA73C91BEB52AB0059584D /* Release */,
			);
			defaultConfigurationIsVisible = 0;
			defaultConfigurationName = Release;
		};
		78BA73CA1BEB52AB0059584D /* Build configuration list for PBXNativeTarget "RainyWordsUITests" */ = {
			isa = XCConfigurationList;
			buildConfigurations = (
				78BA73CB1BEB52AB0059584D /* Debug */,
				78BA73CC1BEB52AB0059584D /* Release */,
			);
			defaultConfigurationIsVisible = 0;
			defaultConfigurationName = Release;
		};
/* End XCConfigurationList section */

/* Begin XCVersionGroup section */
		78BA73A31BEB52AB0059584D /* RainyWords.xcdatamodeld */ = {
			isa = XCVersionGroup;
			children = (
				78BA73A41BEB52AB0059584D /* RainyWords.xcdatamodel */,
			);
			currentVersion = 78BA73A41BEB52AB0059584D /* RainyWords.xcdatamodel */;
			path = RainyWords.xcdatamodeld;
			sourceTree = "<group>";
			versionGroupType = wrapper.xcdatamodel;
		};
/* End XCVersionGroup section */
	};
	rootObject = 78BA738C1BEB52AB0059584D /* Project object */;
}
